{
  "lockfile_version": "1",
  "packages": {
    "act@0.2.77": {
      "last_modified": "2025-05-06T08:06:31Z",
      "resolved": "github:NixOS/nixpkgs/1cb1c02a6b1b7cf67e3d7731cbbf327a53da9679#act",
      "source": "devbox-search",
      "version": "0.2.77",
      "systems": {
        "aarch64-darwin": {
          "outputs": [
            {
              "name": "out",
              "path": "/nix/store/vaby3f0jn9v3hbyw7nn9r3d185wgzzdv-act-0.2.77",
              "default": true
            }
          ],
          "store_path": "/nix/store/vaby3f0jn9v3hbyw7nn9r3d185wgzzdv-act-0.2.77"
        },
        "aarch64-linux": {
          "outputs": [
            {
              "name": "out",
              "path": "/nix/store/z8yj15bcyc9gi8jg77s150rmhycbqspr-act-0.2.77",
              "default": true
            }
          ],
          "store_path": "/nix/store/z8yj15bcyc9gi8jg77s150rmhycbqspr-act-0.2.77"
        },
        "x86_64-darwin": {
          "outputs": [
            {
              "name": "out",
              "path": "/nix/store/0in0ncjwxizxyx6gaw3yp0r7h2c1rhni-act-0.2.77",
              "default": true
            }
          ],
          "store_path": "/nix/store/0in0ncjwxizxyx6gaw3yp0r7h2c1rhni-act-0.2.77"
        },
        "x86_64-linux": {
          "outputs": [
            {
              "name": "out",
              "path": "/nix/store/ws34vx848d1gc4bv39vggii3fgvai0bq-act-0.2.77",
              "default": true
            }
          ],
          "store_path": "/nix/store/ws34vx848d1gc4bv39vggii3fgvai0bq-act-0.2.77"
        }
      }
    },
    "actionlint@1.7.7": {
      "last_modified": "2025-05-06T08:06:31Z",
      "resolved": "github:NixOS/nixpkgs/1cb1c02a6b1b7cf67e3d7731cbbf327a53da9679#actionlint",
      "source": "devbox-search",
      "version": "1.7.7",
      "systems": {
        "aarch64-darwin": {
          "outputs": [
            {
              "name": "out",
              "path": "/nix/store/m3ns0ds4hsksps1mp7j7msz2zx1wb5qa-actionlint-1.7.7",
              "default": true
            }
          ],
          "store_path": "/nix/store/m3ns0ds4hsksps1mp7j7msz2zx1wb5qa-actionlint-1.7.7"
        },
        "aarch64-linux": {
          "outputs": [
            {
              "name": "out",
              "path": "/nix/store/kpfzxhxcy8f9fybcwqbn3a9jvngcwlsj-actionlint-1.7.7",
              "default": true
            }
          ],
          "store_path": "/nix/store/kpfzxhxcy8f9fybcwqbn3a9jvngcwlsj-actionlint-1.7.7"
        },
        "x86_64-darwin": {
          "outputs": [
            {
              "name": "out",
              "path": "/nix/store/3vy2gdzkxajl3i9gzc39x6yaandbfphj-actionlint-1.7.7",
              "default": true
            }
          ],
          "store_path": "/nix/store/3vy2gdzkxajl3i9gzc39x6yaandbfphj-actionlint-1.7.7"
        },
        "x86_64-linux": {
          "outputs": [
            {
              "name": "out",
              "path": "/nix/store/m2gqz1l4na625rwnvz6b0i1jv7qkdbsr-actionlint-1.7.7",
              "default": true
            }
          ],
          "store_path": "/nix/store/m2gqz1l4na625rwnvz6b0i1jv7qkdbsr-actionlint-1.7.7"
        }
      }
    },
    "direnv@2.36.0": {
      "last_modified": "2025-05-06T08:06:31Z",
      "resolved": "github:NixOS/nixpkgs/1cb1c02a6b1b7cf67e3d7731cbbf327a53da9679#direnv",
      "source": "devbox-search",
      "version": "2.36.0",
      "systems": {
        "aarch64-darwin": {
          "outputs": [
            {
              "name": "out",
              "path": "/nix/store/f2lh68lappvmw5b3nlgp9h6v1in1ijiy-direnv-2.36.0",
              "default": true
            }
          ],
          "store_path": "/nix/store/f2lh68lappvmw5b3nlgp9h6v1in1ijiy-direnv-2.36.0"
        },
        "aarch64-linux": {
          "outputs": [
            {
              "name": "out",
              "path": "/nix/store/kbm4xjmm8gpighi8jnlgdp4ivwf7npg3-direnv-2.36.0",
              "default": true
            }
          ],
          "store_path": "/nix/store/kbm4xjmm8gpighi8jnlgdp4ivwf7npg3-direnv-2.36.0"
        },
        "x86_64-darwin": {
          "outputs": [
            {
              "name": "out",
              "path": "/nix/store/ap30x0qfbsxkhixl3fhbpd6fh2rbhlv8-direnv-2.36.0",
              "default": true
            }
          ],
          "store_path": "/nix/store/ap30x0qfbsxkhixl3fhbpd6fh2rbhlv8-direnv-2.36.0"
        },
        "x86_64-linux": {
          "outputs": [
            {
              "name": "out",
              "path": "/nix/store/rjnigckx9rmga58562hxw9kr5hynavcd-direnv-2.36.0",
              "default": true
            }
          ],
          "store_path": "/nix/store/rjnigckx9rmga58562hxw9kr5hynavcd-direnv-2.36.0"
        }
      }
    },
    "github:NixOS/nixpkgs/nixpkgs-unstable": {
      "last_modified": "2025-05-15T12:36:28Z",
      "resolved": "github:NixOS/nixpkgs/b1bebd0fe266bbd1820019612ead889e96a8fa2d?lastModified=1747312588&narHash=sha256-MmJvj6mlWzeRwKGLcwmZpKaOPZ5nJb%2F6al5CXqJsgjo%3D"
    },
    "gitleaks@7.6.1": {
      "last_modified": "2021-12-03T17:41:48Z",
      "resolved": "github:NixOS/nixpkgs/2df15ba83d0510a56f2583fd3481723835acb5a1#gitleaks",
      "source": "devbox-search",
      "version": "7.6.1",
      "systems": {
        "x86_64-linux": {
          "outputs": [
            {
              "path": "/tmp/containerbase/cache/nix/store/m4y3nvfv4zh4f0zbgznv886alaz2azhq-gitleaks-7.6.1",
              "default": true
            }
          ]
        }
      }
    },
    "go-task@latest": {
      "last_modified": "2025-05-12T14:38:58Z",
      "resolved": "github:NixOS/nixpkgs/eaeed9530c76ce5f1d2d8232e08bec5e26f18ec1#go-task",
      "source": "devbox-search",
      "version": "3.43.2",
      "systems": {
        "aarch64-darwin": {
          "outputs": [
            {
              "name": "out",
              "path": "/nix/store/80xsbrjmxbb10ba3v44l48fhg9rpdyfj-go-task-3.43.2",
              "default": true
            }
          ],
          "store_path": "/nix/store/80xsbrjmxbb10ba3v44l48fhg9rpdyfj-go-task-3.43.2"
        },
        "aarch64-linux": {
          "outputs": [
            {
              "name": "out",
              "path": "/nix/store/7a1wimm8z159vrb0sx86s39vlwy7nfbz-go-task-3.43.2",
              "default": true
            }
          ],
          "store_path": "/nix/store/7a1wimm8z159vrb0sx86s39vlwy7nfbz-go-task-3.43.2"
        },
        "x86_64-darwin": {
          "outputs": [
            {
              "name": "out",
              "path": "/nix/store/fbc3qggxgabd77rwqc7l4iczyp8ax43j-go-task-3.43.2",
              "default": true
            }
          ],
          "store_path": "/nix/store/fbc3qggxgabd77rwqc7l4iczyp8ax43j-go-task-3.43.2"
        },
        "x86_64-linux": {
          "outputs": [
            {
              "name": "out",
              "path": "/nix/store/pnyim2vhfwqh8bqrbd9vwbhqj1vsx2lx-go-task-3.43.2",
              "default": true
            }
          ],
          "store_path": "/nix/store/pnyim2vhfwqh8bqrbd9vwbhqj1vsx2lx-go-task-3.43.2"
        }
      }
    },
    "hadolint@1.23.0": {
      "last_modified": "2021-04-02T00:58:33Z",
      "resolved": "github:NixOS/nixpkgs/54c1e44240d8a527a8f4892608c4bce5440c3ecb#hadolint",
      "source": "devbox-search",
      "version": "1.23.0",
      "systems": {
        "x86_64-linux": {
          "outputs": [
            {
              "path": "/tmp/containerbase/cache/nix/store/fszznfkswqcbjfgrrgwha915zjqmgmzq-hadolint-1.23.0",
              "default": true
            }
          ]
        }
      }
    },
    "kubectl@1.33.1": {
      "last_modified": "2025-05-24T21:46:02Z",
      "resolved": "github:NixOS/nixpkgs/edb3633f9100d9277d1c9af245a4e9337a980c07#kubectl",
      "source": "devbox-search",
      "version": "1.33.1",
      "systems": {
        "aarch64-darwin": {
          "outputs": [
            {
              "name": "out",
              "path": "/nix/store/vcq5gsn9rp26xbz14b5b2fd8map8qnvj-kubectl-1.33.1",
              "default": true
            },
            {
              "name": "man",
              "path": "/nix/store/20v8bx884m4i34zdkksdq5qpkm966m65-kubectl-1.33.1-man",
              "default": true
            },
            {
              "name": "convert",
              "path": "/nix/store/cjm9i86w7is18g3cpsgfc0c3jmsnp0s8-kubectl-1.33.1-convert"
            }
          ],
          "store_path": "/nix/store/vcq5gsn9rp26xbz14b5b2fd8map8qnvj-kubectl-1.33.1"
        },
        "aarch64-linux": {
          "outputs": [
            {
              "name": "out",
              "path": "/nix/store/m8406nxn25y7a80jxq6mdk70p1xl8xrc-kubectl-1.33.1",
              "default": true
            },
            {
              "name": "man",
              "path": "/nix/store/gy8hdpwiqcy35zp0a9imbv4fqqy3cwn8-kubectl-1.33.1-man",
              "default": true
            },
            {
              "name": "convert",
              "path": "/nix/store/kh7b55lvpwfrdfbq3qrzcj9qjanfqn7c-kubectl-1.33.1-convert"
            }
          ],
          "store_path": "/nix/store/m8406nxn25y7a80jxq6mdk70p1xl8xrc-kubectl-1.33.1"
        },
        "x86_64-darwin": {
          "outputs": [
            {
              "name": "out",
              "path": "/nix/store/g8r4y54jpdyrvnrbhqyg60sr1wpqx0ff-kubectl-1.33.1",
              "default": true
            },
            {
              "name": "man",
              "path": "/nix/store/0n7ik9w8sjrhanv7yb1ijhwyawx7xcz2-kubectl-1.33.1-man",
              "default": true
            },
            {
              "name": "convert",
              "path": "/nix/store/fdpw2205wf6qq7h271nzbhxdmx561vq0-kubectl-1.33.1-convert"
            }
          ],
          "store_path": "/nix/store/g8r4y54jpdyrvnrbhqyg60sr1wpqx0ff-kubectl-1.33.1"
        },
        "x86_64-linux": {
          "outputs": [
            {
              "name": "out",
              "path": "/nix/store/lrfm3r4z5iqyn5fqf085bdyp7b5ghhdr-kubectl-1.33.1",
              "default": true
            },
            {
              "name": "man",
              "path": "/nix/store/hhank6pxbzwzm6b6gphpc1rj2jjdpmmk-kubectl-1.33.1-man",
              "default": true
            },
            {
              "name": "convert",
              "path": "/nix/store/yqlm8fmchxsxzica482r16sfm8x84hck-kubectl-1.33.1-convert"
            }
          ],
          "store_path": "/nix/store/lrfm3r4z5iqyn5fqf085bdyp7b5ghhdr-kubectl-1.33.1"
        }
      }
    },
    "kubernetes-helm@3.17.3": {
      "last_modified": "2025-05-16T20:19:48Z",
      "resolved": "github:NixOS/nixpkgs/12a55407652e04dcf2309436eb06fef0d3713ef3#kubernetes-helm",
      "source": "devbox-search",
      "version": "3.17.3",
      "systems": {
        "aarch64-darwin": {
          "outputs": [
            {
              "name": "out",
              "path": "/nix/store/mg9rya9swd6lymmarlgjmx2m037ydngc-kubernetes-helm-3.17.3",
              "default": true
            }
          ],
          "store_path": "/nix/store/mg9rya9swd6lymmarlgjmx2m037ydngc-kubernetes-helm-3.17.3"
        },
        "aarch64-linux": {
          "outputs": [
            {
              "name": "out",
              "path": "/nix/store/kd9x5i47ydamzw514a6lc6r1i0ybiygn-kubernetes-helm-3.17.3",
              "default": true
            }
          ],
          "store_path": "/nix/store/kd9x5i47ydamzw514a6lc6r1i0ybiygn-kubernetes-helm-3.17.3"
        },
        "x86_64-darwin": {
          "outputs": [
            {
              "name": "out",
              "path": "/nix/store/kiy0fscxlhdyy1v7rj290g0vbwa62m3i-kubernetes-helm-3.17.3",
              "default": true
            }
          ],
          "store_path": "/nix/store/kiy0fscxlhdyy1v7rj290g0vbwa62m3i-kubernetes-helm-3.17.3"
        },
        "x86_64-linux": {
          "outputs": [
            {
              "name": "out",
              "path": "/nix/store/z8fh9w8y3hlckw7zqi29hgfz0x5gyi0s-kubernetes-helm-3.17.3",
              "default": true
            }
          ],
          "store_path": "/nix/store/z8fh9w8y3hlckw7zqi29hgfz0x5gyi0s-kubernetes-helm-3.17.3"
        }
      }
    },
    "kustomize@3.10.0": {
      "last_modified": "2021-03-08T20:48:59Z",
      "resolved": "github:NixOS/nixpkgs/0867f62742476f513e39113e643d9f1612b31133#kustomize",
      "source": "devbox-search",
      "version": "3.10.0",
      "systems": {
        "x86_64-linux": {
          "outputs": [
            {
              "path": "/tmp/containerbase/cache/nix/store/3bp4c9sx6xby8iw511j96mr0kq7yj0mi-kustomize-3.10.0",
              "default": true
            }
          ]
        }
      }
    },
    "pre-commit@2.20.0": {
      "last_modified": "2023-03-07T16:41:48Z",
      "resolved": "github:NixOS/nixpkgs/0ef02c4792fbde4b78957a46a8cb107b6c7aa3cc#pre-commit",
      "source": "devbox-search",
      "version": "2.20.0",
      "systems": {
        "aarch64-darwin": {
          "outputs": [
            {
              "name": "out",
              "path": "/nix/store/bgh6lr049kh9wpaxaxb9rj7f8xjz43y4-python3.10-pre-commit-2.20.0",
              "default": true
            },
            {
              "name": "dist",
              "path": "/nix/store/frw5iyvlh82g5l8sri8yw6r8rzsggrm5-python3.10-pre-commit-2.20.0-dist"
            }
          ],
          "store_path": "/nix/store/bgh6lr049kh9wpaxaxb9rj7f8xjz43y4-python3.10-pre-commit-2.20.0"
        },
        "aarch64-linux": {
          "outputs": [
            {
              "name": "out",
              "path": "/nix/store/9jbcd2fiqgxsrm4kny21gh91rnz7n6p5-python3.10-pre-commit-2.20.0",
              "default": true
            },
            {
              "name": "dist",
              "path": "/nix/store/4ssbyccyri780hirnhx850j6n06kfk11-python3.10-pre-commit-2.20.0-dist"
            }
          ],
          "store_path": "/nix/store/9jbcd2fiqgxsrm4kny21gh91rnz7n6p5-python3.10-pre-commit-2.20.0"
        },
        "x86_64-darwin": {
          "outputs": [
            {
              "name": "out",
              "path": "/nix/store/c89i5lrfnpw9cx8a8xhw9lliqfhwbhk8-python3.10-pre-commit-2.20.0",
              "default": true
            },
            {
              "name": "dist",
              "path": "/nix/store/vsg0xsrv09ciwxlvj6law731varpxz8b-python3.10-pre-commit-2.20.0-dist"
            }
          ],
          "store_path": "/nix/store/c89i5lrfnpw9cx8a8xhw9lliqfhwbhk8-python3.10-pre-commit-2.20.0"
        },
        "x86_64-linux": {
          "outputs": [
            {
              "name": "out",
              "path": "/nix/store/5z3izkb2h4gz8kmkar31w6r6aimmm3il-python3.10-pre-commit-2.20.0",
              "default": true
            },
            {
              "name": "dist",
              "path": "/nix/store/d4vcw8fc3sqndjs2vff9jkg2xqvpgydv-python3.10-pre-commit-2.20.0-dist"
            }
          ],
          "store_path": "/nix/store/5z3izkb2h4gz8kmkar31w6r6aimmm3il-python3.10-pre-commit-2.20.0"
        }
      }
    },
    "terraform-docs@0.20.0": {
      "last_modified": "2025-05-06T08:06:31Z",
      "resolved": "github:NixOS/nixpkgs/1cb1c02a6b1b7cf67e3d7731cbbf327a53da9679#terraform-docs",
      "source": "devbox-search",
      "version": "0.20.0",
      "systems": {
        "aarch64-darwin": {
          "outputs": [
            {
              "name": "out",
              "path": "/nix/store/awxvyc8vgskm115y1jrx0mscy50gjgjx-terraform-docs-0.20.0",
              "default": true
            }
          ],
          "store_path": "/nix/store/awxvyc8vgskm115y1jrx0mscy50gjgjx-terraform-docs-0.20.0"
        },
        "aarch64-linux": {
          "outputs": [
            {
              "name": "out",
              "path": "/nix/store/b427qv785026l9ay28h6lm343cg8hf4v-terraform-docs-0.20.0",
              "default": true
            }
          ],
          "store_path": "/nix/store/b427qv785026l9ay28h6lm343cg8hf4v-terraform-docs-0.20.0"
        },
        "x86_64-darwin": {
          "outputs": [
            {
              "name": "out",
              "path": "/nix/store/k48w25faj9v7ifk9654kcrq8fwq56nf7-terraform-docs-0.20.0",
              "default": true
            }
          ],
          "store_path": "/nix/store/k48w25faj9v7ifk9654kcrq8fwq56nf7-terraform-docs-0.20.0"
        },
        "x86_64-linux": {
          "outputs": [
            {
              "name": "out",
              "path": "/nix/store/vj3cdr00ynk8bih5nqf6dvjxa25zshfs-terraform-docs-0.20.0",
              "default": true
            }
          ],
          "store_path": "/nix/store/vj3cdr00ynk8bih5nqf6dvjxa25zshfs-terraform-docs-0.20.0"
        }
      }
    },
    "tflint@0.58.0": {
      "last_modified": "2025-05-25T15:24:27Z",
      "resolved": "github:NixOS/nixpkgs/bdac72d387dca7f836f6ef1fe547755fb0e9df61#tflint",
      "source": "devbox-search",
      "version": "0.58.0",
      "systems": {
        "aarch64-darwin": {
          "outputs": [
            {
              "name": "out",
              "path": "/nix/store/4qk8245ngy68wnb2ppmpf3mxaarqx455-tflint-0.58.0",
              "default": true
            }
          ],
          "store_path": "/nix/store/4qk8245ngy68wnb2ppmpf3mxaarqx455-tflint-0.58.0"
        },
        "aarch64-linux": {
          "outputs": [
            {
              "name": "out",
              "path": "/nix/store/iprfjpbgjax3vgvdwa5qp47gang68jg7-tflint-0.58.0",
              "default": true
            }
          ],
          "store_path": "/nix/store/iprfjpbgjax3vgvdwa5qp47gang68jg7-tflint-0.58.0"
        },
        "x86_64-darwin": {
          "outputs": [
            {
              "name": "out",
              "path": "/nix/store/m4bw0c8gy1s12vcz5dnckwk1ixbfqd2v-tflint-0.58.0",
              "default": true
            }
          ],
          "store_path": "/nix/store/m4bw0c8gy1s12vcz5dnckwk1ixbfqd2v-tflint-0.58.0"
        },
        "x86_64-linux": {
          "outputs": [
            {
              "name": "out",
              "path": "/nix/store/xjxn3miyzqfnf1451ysmdzfr15x7n50b-tflint-0.58.0",
              "default": true
            }
          ],
          "store_path": "/nix/store/xjxn3miyzqfnf1451ysmdzfr15x7n50b-tflint-0.58.0"
        }
      }
    },
    "yamllint@1.37.1": {
      "last_modified": "2025-05-16T20:19:48Z",
      "resolved": "github:NixOS/nixpkgs/12a55407652e04dcf2309436eb06fef0d3713ef3#yamllint",
      "source": "devbox-search",
      "version": "1.37.1",
      "systems": {
        "aarch64-darwin": {
          "outputs": [
            {
              "name": "out",
              "path": "/nix/store/zpx2h1p689s0sq15pnm8hrwb1r8qiq2g-python3.12-yamllint-1.37.1",
              "default": true
            },
            {
              "name": "dist",
              "path": "/nix/store/cabqrzcssd4jz420wqnkf2ail19dhbd5-python3.12-yamllint-1.37.1-dist"
            }
          ],
          "store_path": "/nix/store/zpx2h1p689s0sq15pnm8hrwb1r8qiq2g-python3.12-yamllint-1.37.1"
        },
        "aarch64-linux": {
          "outputs": [
            {
              "name": "out",
              "path": "/nix/store/61rk661yf0an0kfpbmng1baqzdlpvxim-python3.12-yamllint-1.37.1",
              "default": true
            },
            {
              "name": "dist",
              "path": "/nix/store/7pr088lzbsq3n0pwnx5mz906asffwm09-python3.12-yamllint-1.37.1-dist"
            }
          ],
          "store_path": "/nix/store/61rk661yf0an0kfpbmng1baqzdlpvxim-python3.12-yamllint-1.37.1"
        },
        "x86_64-darwin": {
          "outputs": [
            {
              "name": "out",
              "path": "/nix/store/x8hq6b2bxxw6iq3nisvz4vq3x8rg8nw6-python3.12-yamllint-1.37.1",
              "default": true
            },
            {
              "name": "dist",
              "path": "/nix/store/87msznav6i4car58rjbpxz99p5q7zxas-python3.12-yamllint-1.37.1-dist"
            }
          ],
          "store_path": "/nix/store/x8hq6b2bxxw6iq3nisvz4vq3x8rg8nw6-python3.12-yamllint-1.37.1"
        },
        "x86_64-linux": {
          "outputs": [
            {
              "name": "out",
              "path": "/nix/store/r46xh5mckk2m9maai0bc2dx63jj84w5l-python3.12-yamllint-1.37.1",
              "default": true
            },
            {
              "name": "dist",
              "path": "/nix/store/armnb0mkgb4bi4bx01xhhzv5xlra8gh5-python3.12-yamllint-1.37.1-dist"
            }
          ],
          "store_path": "/nix/store/r46xh5mckk2m9maai0bc2dx63jj84w5l-python3.12-yamllint-1.37.1"
        }
      }
    }
  }
}
