{
  "lockfile_version": "1",
  "packages": {
    "act@0.2.82": {
      "last_modified": "2025-10-07T08:41:47Z",
      "resolved": "github:NixOS/nixpkgs/bce5fe2bb998488d8e7e7856315f90496723793c#act",
      "source": "devbox-search",
      "version": "0.2.82",
      "systems": {
        "aarch64-darwin": {
          "outputs": [
            {
              "name": "out",
              "path": "/nix/store/jhjif7y8c3gh2imah6j670s3f6bc0gi6-act-0.2.82",
              "default": true
            }
          ],
          "store_path": "/nix/store/jhjif7y8c3gh2imah6j670s3f6bc0gi6-act-0.2.82"
        },
        "aarch64-linux": {
          "outputs": [
            {
              "name": "out",
              "path": "/nix/store/dxxnxwnxy1mvd040lwsl9ikzvjy0w95k-act-0.2.82",
              "default": true
            }
          ],
          "store_path": "/nix/store/dxxnxwnxy1mvd040lwsl9ikzvjy0w95k-act-0.2.82"
        },
        "x86_64-darwin": {
          "outputs": [
            {
              "name": "out",
              "path": "/nix/store/8h5bjw0ykbb4qv0i70arrc3la8z5wgn7-act-0.2.82",
              "default": true
            }
          ],
          "store_path": "/nix/store/8h5bjw0ykbb4qv0i70arrc3la8z5wgn7-act-0.2.82"
        },
        "x86_64-linux": {
          "outputs": [
            {
              "name": "out",
              "path": "/nix/store/x50zwpf2mg9nwlvr4szqjxbymp47wzb1-act-0.2.82",
              "default": true
            }
          ],
          "store_path": "/nix/store/x50zwpf2mg9nwlvr4szqjxbymp47wzb1-act-0.2.82"
        }
      }
    },
    "actionlint@1.7.10": {
      "last_modified": "2026-01-23T17:20:52Z",
      "resolved": "github:NixOS/nixpkgs/a1bab9e494f5f4939442a57a58d0449a109593fe#actionlint",
      "source": "devbox-search",
      "version": "1.7.10",
      "systems": {
        "aarch64-darwin": {
          "outputs": [
            {
              "name": "out",
              "path": "/nix/store/92yl15p354llm4lkdq2vjvscljfdp03q-actionlint-1.7.10",
              "default": true
            }
          ],
          "store_path": "/nix/store/92yl15p354llm4lkdq2vjvscljfdp03q-actionlint-1.7.10"
        },
        "aarch64-linux": {
          "outputs": [
            {
              "name": "out",
              "path": "/nix/store/c756x60xjyyfc1p09670im6ms6b75lxg-actionlint-1.7.10",
              "default": true
            }
          ],
          "store_path": "/nix/store/c756x60xjyyfc1p09670im6ms6b75lxg-actionlint-1.7.10"
        },
        "x86_64-darwin": {
          "outputs": [
            {
              "name": "out",
              "path": "/nix/store/9n2c90qk316b5xsll2ndsfsl7jrccjhc-actionlint-1.7.10",
              "default": true
            }
          ],
          "store_path": "/nix/store/9n2c90qk316b5xsll2ndsfsl7jrccjhc-actionlint-1.7.10"
        },
        "x86_64-linux": {
          "outputs": [
            {
              "name": "out",
              "path": "/nix/store/r9iw80i3mm22lj116h1bxvnc53kkry2s-actionlint-1.7.10",
              "default": true
            }
          ],
          "store_path": "/nix/store/r9iw80i3mm22lj116h1bxvnc53kkry2s-actionlint-1.7.10"
        }
      }
    },
    "direnv@2.37.1": {
      "last_modified": "2025-07-28T17:09:23Z",
      "resolved": "github:NixOS/nixpkgs/648f70160c03151bc2121d179291337ad6bc564b#direnv",
      "source": "devbox-search",
      "version": "2.37.1",
      "systems": {
        "aarch64-darwin": {
          "outputs": [
            {
              "name": "out",
              "path": "/nix/store/jx3qm446vnaz50kk6pjh4h5chn74ib2c-direnv-2.37.1",
              "default": true
            }
          ],
          "store_path": "/nix/store/jx3qm446vnaz50kk6pjh4h5chn74ib2c-direnv-2.37.1"
        },
        "aarch64-linux": {
          "outputs": [
            {
              "name": "out",
              "path": "/nix/store/bqkp6cxz0lp3033iixxm2kvykvfsqvf8-direnv-2.37.1",
              "default": true
            }
          ],
          "store_path": "/nix/store/bqkp6cxz0lp3033iixxm2kvykvfsqvf8-direnv-2.37.1"
        },
        "x86_64-darwin": {
          "outputs": [
            {
              "name": "out",
              "path": "/nix/store/m77810day5glilqri3k3y9bz2v3vg72w-direnv-2.37.1",
              "default": true
            }
          ],
          "store_path": "/nix/store/m77810day5glilqri3k3y9bz2v3vg72w-direnv-2.37.1"
        },
        "x86_64-linux": {
          "outputs": [
            {
              "name": "out",
              "path": "/nix/store/qj6a7xr3knnl5wjs3rvr8ajbjkxbn32f-direnv-2.37.1",
              "default": true
            }
          ],
          "store_path": "/nix/store/qj6a7xr3knnl5wjs3rvr8ajbjkxbn32f-direnv-2.37.1"
        }
      }
    },
    "github:NixOS/nixpkgs/nixpkgs-unstable": {
      "last_modified": "2025-05-15T12:36:28Z",
      "resolved": "github:NixOS/nixpkgs/b1bebd0fe266bbd1820019612ead889e96a8fa2d?lastModified=1747312588&narHash=sha256-MmJvj6mlWzeRwKGLcwmZpKaOPZ5nJb%2F6al5CXqJsgjo%3D"
    },
    "gitleaks@8.28.0": {
      "last_modified": "2025-07-28T17:09:23Z",
      "resolved": "github:NixOS/nixpkgs/648f70160c03151bc2121d179291337ad6bc564b#gitleaks",
      "source": "devbox-search",
      "version": "8.28.0",
      "systems": {
        "aarch64-darwin": {
          "outputs": [
            {
              "name": "out",
              "path": "/nix/store/kvr5mmv4nbnrfprzcnx92riixdx7bk61-gitleaks-8.28.0",
              "default": true
            }
          ],
          "store_path": "/nix/store/kvr5mmv4nbnrfprzcnx92riixdx7bk61-gitleaks-8.28.0"
        },
        "aarch64-linux": {
          "outputs": [
            {
              "name": "out",
              "path": "/nix/store/g76260gzyxynwvy0y3hg19p5njn4q543-gitleaks-8.28.0",
              "default": true
            }
          ],
          "store_path": "/nix/store/g76260gzyxynwvy0y3hg19p5njn4q543-gitleaks-8.28.0"
        },
        "x86_64-darwin": {
          "outputs": [
            {
              "name": "out",
              "path": "/nix/store/8prn23spjg3rqjpf1h2sxv0n28f3s1hn-gitleaks-8.28.0",
              "default": true
            }
          ],
          "store_path": "/nix/store/8prn23spjg3rqjpf1h2sxv0n28f3s1hn-gitleaks-8.28.0"
        },
        "x86_64-linux": {
          "outputs": [
            {
              "name": "out",
              "path": "/nix/store/hnacpr295pvzva7wd3wxl0y4kz05dwkd-gitleaks-8.28.0",
              "default": true
            }
          ],
          "store_path": "/nix/store/hnacpr295pvzva7wd3wxl0y4kz05dwkd-gitleaks-8.28.0"
        }
      }
    },
    "go-task@3.45.4": {
      "last_modified": "2025-10-07T08:41:47Z",
      "resolved": "github:NixOS/nixpkgs/bce5fe2bb998488d8e7e7856315f90496723793c#go-task",
      "source": "devbox-search",
      "version": "3.45.4",
      "systems": {
        "aarch64-darwin": {
          "outputs": [
            {
              "name": "out",
              "path": "/nix/store/jpyzi7ph07mxn64vr684rn4sn81rmdbv-go-task-3.45.4",
              "default": true
            }
          ],
          "store_path": "/nix/store/jpyzi7ph07mxn64vr684rn4sn81rmdbv-go-task-3.45.4"
        },
        "aarch64-linux": {
          "outputs": [
            {
              "name": "out",
              "path": "/nix/store/bhkmm0w7wmgncwvn8gmbsn254n0r9app-go-task-3.45.4",
              "default": true
            }
          ],
          "store_path": "/nix/store/bhkmm0w7wmgncwvn8gmbsn254n0r9app-go-task-3.45.4"
        },
        "x86_64-darwin": {
          "outputs": [
            {
              "name": "out",
              "path": "/nix/store/pv4fd2995ys0dd4rvsqcn6cd2q2qi98s-go-task-3.45.4",
              "default": true
            }
          ],
          "store_path": "/nix/store/pv4fd2995ys0dd4rvsqcn6cd2q2qi98s-go-task-3.45.4"
        },
        "x86_64-linux": {
          "outputs": [
            {
              "name": "out",
              "path": "/nix/store/535z3a3p7hwdg4g3w4f4ssq44vnqsxqh-go-task-3.45.4",
              "default": true
            }
          ],
          "store_path": "/nix/store/535z3a3p7hwdg4g3w4f4ssq44vnqsxqh-go-task-3.45.4"
        }
      }
    },
    "hadolint@2.13.1": {
      "last_modified": "2025-10-07T08:41:47Z",
      "resolved": "github:NixOS/nixpkgs/bce5fe2bb998488d8e7e7856315f90496723793c#hadolint",
      "source": "devbox-search",
      "version": "2.13.1",
      "systems": {
        "aarch64-darwin": {
          "outputs": [
            {
              "name": "out",
              "path": "/nix/store/b54sh64m5f7ayqlb7i4l4ncz43w2vwyy-hadolint-2.13.1",
              "default": true
            },
            {
              "name": "doc",
              "path": "/nix/store/qgv3msp391zqc4b9zw4699lxq1ani64a-hadolint-2.13.1-doc"
            }
          ],
          "store_path": "/nix/store/b54sh64m5f7ayqlb7i4l4ncz43w2vwyy-hadolint-2.13.1"
        },
        "aarch64-linux": {
          "outputs": [
            {
              "name": "out",
              "path": "/nix/store/1blscjlhlzkzcgp5ar8f2wbm203gazdh-hadolint-2.13.1",
              "default": true
            }
          ],
          "store_path": "/nix/store/1blscjlhlzkzcgp5ar8f2wbm203gazdh-hadolint-2.13.1"
        },
        "x86_64-darwin": {
          "outputs": [
            {
              "name": "out",
              "path": "/nix/store/w48zabjl5ziwx63a6b2s5d7ywgiwian9-hadolint-2.13.1",
              "default": true
            }
          ],
          "store_path": "/nix/store/w48zabjl5ziwx63a6b2s5d7ywgiwian9-hadolint-2.13.1"
        },
        "x86_64-linux": {
          "outputs": [
            {
              "name": "out",
              "path": "/nix/store/28yqsdq8nw25376729vy3i2na7cald9h-hadolint-2.13.1",
              "default": true
            }
          ],
          "store_path": "/nix/store/28yqsdq8nw25376729vy3i2na7cald9h-hadolint-2.13.1"
        }
      }
    },
    "kubectl@1.34.3": {
      "last_modified": "2025-12-16T16:49:59Z",
      "resolved": "github:NixOS/nixpkgs/e8d16d2186d6ed9f047eb30948e97e7e01886d10#kubectl",
      "source": "devbox-search",
      "version": "1.34.3",
      "systems": {
        "aarch64-darwin": {
          "outputs": [
            {
              "name": "out",
              "path": "/nix/store/wh7x3h048nvpnz9iv8m2wff57rcbns4h-kubectl-1.34.3",
              "default": true
            },
            {
              "name": "man",
              "path": "/nix/store/0z1gk04zvcpy5zm43j42p9sxdkx9gsap-kubectl-1.34.3-man",
              "default": true
            },
            {
              "name": "convert",
              "path": "/nix/store/sgjynqwjc1bzd9j90x50l1f4k8av0q7y-kubectl-1.34.3-convert"
            }
          ],
          "store_path": "/nix/store/wh7x3h048nvpnz9iv8m2wff57rcbns4h-kubectl-1.34.3"
        },
        "aarch64-linux": {
          "outputs": [
            {
              "name": "out",
              "path": "/nix/store/sm68c4d3gg7sch2fpa3ilmlxilqm9525-kubectl-1.34.3",
              "default": true
            },
            {
              "name": "man",
              "path": "/nix/store/d1ld1hbv276y9342aq4wa3x1mjfsd0wq-kubectl-1.34.3-man",
              "default": true
            },
            {
              "name": "convert",
              "path": "/nix/store/2s84f8b0y40879v5vxarlg8h5i6whjab-kubectl-1.34.3-convert"
            }
          ],
          "store_path": "/nix/store/sm68c4d3gg7sch2fpa3ilmlxilqm9525-kubectl-1.34.3"
        },
        "x86_64-darwin": {
          "outputs": [
            {
              "name": "out",
              "path": "/nix/store/4rbd3ml1ibkbp41vp23p3712m5ziqcfm-kubectl-1.34.3",
              "default": true
            },
            {
              "name": "man",
              "path": "/nix/store/k83zqin5j3879l38dly5w4nfg536p170-kubectl-1.34.3-man",
              "default": true
            },
            {
              "name": "convert",
              "path": "/nix/store/r9dni0s5zc9hka7zbi36jglqlj3n7bgm-kubectl-1.34.3-convert"
            }
          ],
          "store_path": "/nix/store/4rbd3ml1ibkbp41vp23p3712m5ziqcfm-kubectl-1.34.3"
        },
        "x86_64-linux": {
          "outputs": [
            {
              "name": "out",
              "path": "/nix/store/589b0djk7wn3k3chyzp9a6wi6al95wn1-kubectl-1.34.3",
              "default": true
            },
            {
              "name": "man",
              "path": "/nix/store/sc5pab1b1hd20gpvk5rzj638wkgz0pvz-kubectl-1.34.3-man",
              "default": true
            },
            {
              "name": "convert",
              "path": "/nix/store/4cyp95klz5fvnfsizj2n93mfbhmg7v39-kubectl-1.34.3-convert"
            }
          ],
          "store_path": "/nix/store/589b0djk7wn3k3chyzp9a6wi6al95wn1-kubectl-1.34.3"
        }
      }
    },
    "kubernetes-helm@3.19.1": {
      "last_modified": "2026-01-23T17:20:52Z",
      "resolved": "github:NixOS/nixpkgs/a1bab9e494f5f4939442a57a58d0449a109593fe#kubernetes-helm",
      "source": "devbox-search",
      "version": "3.19.1",
      "systems": {
        "aarch64-darwin": {
          "outputs": [
            {
              "name": "out",
              "path": "/nix/store/gw5jvq4r17iqh751g7v71svxb3ncq7si-kubernetes-helm-3.19.1",
              "default": true
            }
          ],
          "store_path": "/nix/store/gw5jvq4r17iqh751g7v71svxb3ncq7si-kubernetes-helm-3.19.1"
        },
        "aarch64-linux": {
          "outputs": [
            {
              "name": "out",
              "path": "/nix/store/j1fh4wfj0b1dk87q0irz73k8gcqhr2ak-kubernetes-helm-3.19.1",
              "default": true
            }
          ],
          "store_path": "/nix/store/j1fh4wfj0b1dk87q0irz73k8gcqhr2ak-kubernetes-helm-3.19.1"
        },
        "x86_64-darwin": {
          "outputs": [
            {
              "name": "out",
              "path": "/nix/store/9g0nwl9nrf2rjs4kgz6yclr335jdq1r5-kubernetes-helm-3.19.1",
              "default": true
            }
          ],
          "store_path": "/nix/store/9g0nwl9nrf2rjs4kgz6yclr335jdq1r5-kubernetes-helm-3.19.1"
        },
        "x86_64-linux": {
          "outputs": [
            {
              "name": "out",
              "path": "/nix/store/n4np4p37d3k0nw0h4v9vvyrk8hj0qly0-kubernetes-helm-3.19.1",
              "default": true
            }
          ],
          "store_path": "/nix/store/n4np4p37d3k0nw0h4v9vvyrk8hj0qly0-kubernetes-helm-3.19.1"
        }
      }
    },
    "kustomize@5.8.0": {
      "last_modified": "2025-11-23T21:50:36Z",
      "resolved": "github:NixOS/nixpkgs/ee09932cedcef15aaf476f9343d1dea2cb77e261#kustomize",
      "source": "devbox-search",
      "version": "5.8.0",
      "systems": {
        "aarch64-darwin": {
          "outputs": [
            {
              "name": "out",
              "path": "/nix/store/bfpk7qk50w5p8zxal5v9xxw26wsx1xp4-kustomize-5.8.0",
              "default": true
            }
          ],
          "store_path": "/nix/store/bfpk7qk50w5p8zxal5v9xxw26wsx1xp4-kustomize-5.8.0"
        },
        "aarch64-linux": {
          "outputs": [
            {
              "name": "out",
              "path": "/nix/store/771gd7nr0v7wb47ap90k4ig0mzb9cqdk-kustomize-5.8.0",
              "default": true
            }
          ],
          "store_path": "/nix/store/771gd7nr0v7wb47ap90k4ig0mzb9cqdk-kustomize-5.8.0"
        },
        "x86_64-darwin": {
          "outputs": [
            {
              "name": "out",
              "path": "/nix/store/l46dlgypv437c599870klhqwf3d7i63j-kustomize-5.8.0",
              "default": true
            }
          ],
          "store_path": "/nix/store/l46dlgypv437c599870klhqwf3d7i63j-kustomize-5.8.0"
        },
        "x86_64-linux": {
          "outputs": [
            {
              "name": "out",
              "path": "/nix/store/wa0z5dbcpm2zr2d51dn4ggngvvh17pk3-kustomize-5.8.0",
              "default": true
            }
          ],
          "store_path": "/nix/store/wa0z5dbcpm2zr2d51dn4ggngvvh17pk3-kustomize-5.8.0"
        }
      }
    },
    "pre-commit@4.3.0": {
      "last_modified": "2025-11-23T21:50:36Z",
      "resolved": "github:NixOS/nixpkgs/ee09932cedcef15aaf476f9343d1dea2cb77e261#pre-commit",
      "source": "devbox-search",
      "version": "4.3.0",
      "systems": {
        "aarch64-darwin": {
          "outputs": [
            {
              "name": "out",
              "path": "/nix/store/9ddgd7sar04a2w5bslf8hvhbsi9gf3k5-pre-commit-4.3.0",
              "default": true
            },
            {
              "name": "dist",
              "path": "/nix/store/v9fdnv1la3zw595f4a380d0rv6hcw6rw-pre-commit-4.3.0-dist"
            }
          ],
          "store_path": "/nix/store/9ddgd7sar04a2w5bslf8hvhbsi9gf3k5-pre-commit-4.3.0"
        },
        "aarch64-linux": {
          "outputs": [
            {
              "name": "out",
              "path": "/nix/store/lfx4qx4h8ayprwnshrpy0yl7chqwrgqd-pre-commit-4.3.0",
              "default": true
            },
            {
              "name": "dist",
              "path": "/nix/store/hyz983wrcgk1iya6rcwvhma57lg7xybr-pre-commit-4.3.0-dist"
            }
          ],
          "store_path": "/nix/store/lfx4qx4h8ayprwnshrpy0yl7chqwrgqd-pre-commit-4.3.0"
        },
        "x86_64-darwin": {
          "outputs": [
            {
              "name": "out",
              "path": "/nix/store/0ak7916dw0jj0y1q1vpa949al9i36g3g-pre-commit-4.3.0",
              "default": true
            },
            {
              "name": "dist",
              "path": "/nix/store/4ay1aqa5py1lvi9jdgnjvglzgg4773xx-pre-commit-4.3.0-dist"
            }
          ],
          "store_path": "/nix/store/0ak7916dw0jj0y1q1vpa949al9i36g3g-pre-commit-4.3.0"
        },
        "x86_64-linux": {
          "outputs": [
            {
              "name": "out",
              "path": "/nix/store/mpy05k3b0vhg1ivb56jrnpnp4q7m4phb-pre-commit-4.3.0",
              "default": true
            },
            {
              "name": "dist",
              "path": "/nix/store/l9lpfhrzlz2g22dzhwcjzc5xxrfx2pi2-pre-commit-4.3.0-dist"
            }
          ],
          "store_path": "/nix/store/mpy05k3b0vhg1ivb56jrnpnp4q7m4phb-pre-commit-4.3.0"
        }
      }
    },
    "terraform-docs@0.21.0": {
      "last_modified": "2026-02-06T12:24:04Z",
      "resolved": "github:NixOS/nixpkgs/ae67888ff7ef9dff69b3cf0cc0fbfbcd3a722abe#terraform-docs",
      "source": "devbox-search",
      "version": "0.21.0",
      "systems": {
        "aarch64-darwin": {
          "outputs": [
            {
              "name": "out",
              "path": "/nix/store/5gnmnh4qxscb3vi61gvl15c24ll9sj2a-terraform-docs-0.21.0",
              "default": true
            }
          ],
          "store_path": "/nix/store/5gnmnh4qxscb3vi61gvl15c24ll9sj2a-terraform-docs-0.21.0"
        },
        "aarch64-linux": {
          "outputs": [
            {
              "name": "out",
              "path": "/nix/store/v213d54kvqiyk93bi4h9k5lijxnblnmg-terraform-docs-0.21.0",
              "default": true
            }
          ],
          "store_path": "/nix/store/v213d54kvqiyk93bi4h9k5lijxnblnmg-terraform-docs-0.21.0"
        },
        "x86_64-darwin": {
          "outputs": [
            {
              "name": "out",
              "path": "/nix/store/iqr4bxl80148dp1nygcnz6zjz8vnrbki-terraform-docs-0.21.0",
              "default": true
            }
          ],
          "store_path": "/nix/store/iqr4bxl80148dp1nygcnz6zjz8vnrbki-terraform-docs-0.21.0"
        },
        "x86_64-linux": {
          "outputs": [
            {
              "name": "out",
              "path": "/nix/store/pnc2s64627b82pk8w4m2jq14yw76yqb2-terraform-docs-0.21.0",
              "default": true
            }
          ],
          "store_path": "/nix/store/pnc2s64627b82pk8w4m2jq14yw76yqb2-terraform-docs-0.21.0"
        }
      }
    },
    "tflint@0.61.0": {
      "last_modified": "2026-02-10T02:06:53Z",
      "resolved": "github:NixOS/nixpkgs/49d75834011c94a120a9cb874ac1c4d8b7bfc767#tflint",
      "source": "devbox-search",
      "version": "0.61.0",
      "systems": {
        "aarch64-darwin": {
          "outputs": [
            {
              "name": "out",
              "path": "/nix/store/fxk9mkvppn9k34v9g60ln7yh606mw7gr-tflint-0.61.0",
              "default": true
            }
          ],
          "store_path": "/nix/store/fxk9mkvppn9k34v9g60ln7yh606mw7gr-tflint-0.61.0"
        },
        "aarch64-linux": {
          "outputs": [
            {
              "name": "out",
              "path": "/nix/store/cm93h7qr6rjm0m33h5zf45maf8i2d7s9-tflint-0.61.0",
              "default": true
            }
          ],
          "store_path": "/nix/store/cm93h7qr6rjm0m33h5zf45maf8i2d7s9-tflint-0.61.0"
        },
        "x86_64-darwin": {
          "outputs": [
            {
              "name": "out",
              "path": "/nix/store/y068fsjs17hirwj3xcj97n12rfk3zn8p-tflint-0.61.0",
              "default": true
            }
          ],
          "store_path": "/nix/store/y068fsjs17hirwj3xcj97n12rfk3zn8p-tflint-0.61.0"
        },
        "x86_64-linux": {
          "outputs": [
            {
              "name": "out",
              "path": "/nix/store/6pbvy5n954ic7773sqapk0b28yhsgj9g-tflint-0.61.0",
              "default": true
            }
          ],
          "store_path": "/nix/store/6pbvy5n954ic7773sqapk0b28yhsgj9g-tflint-0.61.0"
        }
      }
    },
    "yamllint@1.37.1": {
      "last_modified": "2025-05-16T20:19:48Z",
      "resolved": "github:NixOS/nixpkgs/12a55407652e04dcf2309436eb06fef0d3713ef3#yamllint",
      "source": "devbox-search",
      "version": "1.37.1",
      "systems": {
        "aarch64-darwin": {
          "outputs": [
            {
              "name": "out",
              "path": "/nix/store/zpx2h1p689s0sq15pnm8hrwb1r8qiq2g-python3.12-yamllint-1.37.1",
              "default": true
            },
            {
              "name": "dist",
              "path": "/nix/store/cabqrzcssd4jz420wqnkf2ail19dhbd5-python3.12-yamllint-1.37.1-dist"
            }
          ],
          "store_path": "/nix/store/zpx2h1p689s0sq15pnm8hrwb1r8qiq2g-python3.12-yamllint-1.37.1"
        },
        "aarch64-linux": {
          "outputs": [
            {
              "name": "out",
              "path": "/nix/store/61rk661yf0an0kfpbmng1baqzdlpvxim-python3.12-yamllint-1.37.1",
              "default": true
            },
            {
              "name": "dist",
              "path": "/nix/store/7pr088lzbsq3n0pwnx5mz906asffwm09-python3.12-yamllint-1.37.1-dist"
            }
          ],
          "store_path": "/nix/store/61rk661yf0an0kfpbmng1baqzdlpvxim-python3.12-yamllint-1.37.1"
        },
        "x86_64-darwin": {
          "outputs": [
            {
              "name": "out",
              "path": "/nix/store/x8hq6b2bxxw6iq3nisvz4vq3x8rg8nw6-python3.12-yamllint-1.37.1",
              "default": true
            },
            {
              "name": "dist",
              "path": "/nix/store/87msznav6i4car58rjbpxz99p5q7zxas-python3.12-yamllint-1.37.1-dist"
            }
          ],
          "store_path": "/nix/store/x8hq6b2bxxw6iq3nisvz4vq3x8rg8nw6-python3.12-yamllint-1.37.1"
        },
        "x86_64-linux": {
          "outputs": [
            {
              "name": "out",
              "path": "/nix/store/r46xh5mckk2m9maai0bc2dx63jj84w5l-python3.12-yamllint-1.37.1",
              "default": true
            },
            {
              "name": "dist",
              "path": "/nix/store/armnb0mkgb4bi4bx01xhhzv5xlra8gh5-python3.12-yamllint-1.37.1-dist"
            }
          ],
          "store_path": "/nix/store/r46xh5mckk2m9maai0bc2dx63jj84w5l-python3.12-yamllint-1.37.1"
        }
      }
    }
  }
}
