{
  "lockfile_version": "1",
  "packages": {
    "act@0.2.77": {
      "last_modified": "2025-05-06T08:06:31Z",
      "resolved": "github:NixOS/nixpkgs/1cb1c02a6b1b7cf67e3d7731cbbf327a53da9679#act",
      "source": "devbox-search",
      "version": "0.2.77",
      "systems": {
        "aarch64-darwin": {
          "outputs": [
            {
              "name": "out",
              "path": "/nix/store/vaby3f0jn9v3hbyw7nn9r3d185wgzzdv-act-0.2.77",
              "default": true
            }
          ],
          "store_path": "/nix/store/vaby3f0jn9v3hbyw7nn9r3d185wgzzdv-act-0.2.77"
        },
        "aarch64-linux": {
          "outputs": [
            {
              "name": "out",
              "path": "/nix/store/z8yj15bcyc9gi8jg77s150rmhycbqspr-act-0.2.77",
              "default": true
            }
          ],
          "store_path": "/nix/store/z8yj15bcyc9gi8jg77s150rmhycbqspr-act-0.2.77"
        },
        "x86_64-darwin": {
          "outputs": [
            {
              "name": "out",
              "path": "/nix/store/0in0ncjwxizxyx6gaw3yp0r7h2c1rhni-act-0.2.77",
              "default": true
            }
          ],
          "store_path": "/nix/store/0in0ncjwxizxyx6gaw3yp0r7h2c1rhni-act-0.2.77"
        },
        "x86_64-linux": {
          "outputs": [
            {
              "name": "out",
              "path": "/nix/store/ws34vx848d1gc4bv39vggii3fgvai0bq-act-0.2.77",
              "default": true
            }
          ],
          "store_path": "/nix/store/ws34vx848d1gc4bv39vggii3fgvai0bq-act-0.2.77"
        }
      }
    },
    "actionlint@latest": {
      "last_modified": "2025-05-12T14:38:58Z",
      "resolved": "github:NixOS/nixpkgs/eaeed9530c76ce5f1d2d8232e08bec5e26f18ec1#actionlint",
      "source": "devbox-search",
      "version": "1.7.7",
      "systems": {
        "aarch64-darwin": {
          "outputs": [
            {
              "name": "out",
              "path": "/nix/store/m3ns0ds4hsksps1mp7j7msz2zx1wb5qa-actionlint-1.7.7",
              "default": true
            }
          ],
          "store_path": "/nix/store/m3ns0ds4hsksps1mp7j7msz2zx1wb5qa-actionlint-1.7.7"
        },
        "aarch64-linux": {
          "outputs": [
            {
              "name": "out",
              "path": "/nix/store/kpfzxhxcy8f9fybcwqbn3a9jvngcwlsj-actionlint-1.7.7",
              "default": true
            }
          ],
          "store_path": "/nix/store/kpfzxhxcy8f9fybcwqbn3a9jvngcwlsj-actionlint-1.7.7"
        },
        "x86_64-darwin": {
          "outputs": [
            {
              "name": "out",
              "path": "/nix/store/3vy2gdzkxajl3i9gzc39x6yaandbfphj-actionlint-1.7.7",
              "default": true
            }
          ],
          "store_path": "/nix/store/3vy2gdzkxajl3i9gzc39x6yaandbfphj-actionlint-1.7.7"
        },
        "x86_64-linux": {
          "outputs": [
            {
              "name": "out",
              "path": "/nix/store/m2gqz1l4na625rwnvz6b0i1jv7qkdbsr-actionlint-1.7.7",
              "default": true
            }
          ],
          "store_path": "/nix/store/m2gqz1l4na625rwnvz6b0i1jv7qkdbsr-actionlint-1.7.7"
        }
      }
    },
    "direnv@latest": {
      "last_modified": "2025-05-12T14:38:58Z",
      "resolved": "github:NixOS/nixpkgs/eaeed9530c76ce5f1d2d8232e08bec5e26f18ec1#direnv",
      "source": "devbox-search",
      "version": "2.36.0",
      "systems": {
        "aarch64-darwin": {
          "outputs": [
            {
              "name": "out",
              "path": "/nix/store/f2lh68lappvmw5b3nlgp9h6v1in1ijiy-direnv-2.36.0",
              "default": true
            }
          ],
          "store_path": "/nix/store/f2lh68lappvmw5b3nlgp9h6v1in1ijiy-direnv-2.36.0"
        },
        "aarch64-linux": {
          "outputs": [
            {
              "name": "out",
              "path": "/nix/store/kbm4xjmm8gpighi8jnlgdp4ivwf7npg3-direnv-2.36.0",
              "default": true
            }
          ],
          "store_path": "/nix/store/kbm4xjmm8gpighi8jnlgdp4ivwf7npg3-direnv-2.36.0"
        },
        "x86_64-darwin": {
          "outputs": [
            {
              "name": "out",
              "path": "/nix/store/ap30x0qfbsxkhixl3fhbpd6fh2rbhlv8-direnv-2.36.0",
              "default": true
            }
          ],
          "store_path": "/nix/store/ap30x0qfbsxkhixl3fhbpd6fh2rbhlv8-direnv-2.36.0"
        },
        "x86_64-linux": {
          "outputs": [
            {
              "name": "out",
              "path": "/nix/store/rjnigckx9rmga58562hxw9kr5hynavcd-direnv-2.36.0",
              "default": true
            }
          ],
          "store_path": "/nix/store/rjnigckx9rmga58562hxw9kr5hynavcd-direnv-2.36.0"
        }
      }
    },
    "github:NixOS/nixpkgs/nixpkgs-unstable": {
      "last_modified": "2025-05-15T12:36:28Z",
      "resolved": "github:NixOS/nixpkgs/b1bebd0fe266bbd1820019612ead889e96a8fa2d?lastModified=1747312588&narHash=sha256-MmJvj6mlWzeRwKGLcwmZpKaOPZ5nJb%2F6al5CXqJsgjo%3D"
    },
    "gitleaks@latest": {
      "last_modified": "2025-05-12T14:38:58Z",
      "resolved": "github:NixOS/nixpkgs/eaeed9530c76ce5f1d2d8232e08bec5e26f18ec1#gitleaks",
      "source": "devbox-search",
      "version": "8.25.1",
      "systems": {
        "aarch64-darwin": {
          "outputs": [
            {
              "name": "out",
              "path": "/nix/store/4vxf5vry1wkg9py19px7j5b336j2xj79-gitleaks-8.25.1",
              "default": true
            }
          ],
          "store_path": "/nix/store/4vxf5vry1wkg9py19px7j5b336j2xj79-gitleaks-8.25.1"
        },
        "aarch64-linux": {
          "outputs": [
            {
              "name": "out",
              "path": "/nix/store/7i0wns4iiacbp2z42liwrkds7hpx8471-gitleaks-8.25.1",
              "default": true
            }
          ],
          "store_path": "/nix/store/7i0wns4iiacbp2z42liwrkds7hpx8471-gitleaks-8.25.1"
        },
        "x86_64-darwin": {
          "outputs": [
            {
              "name": "out",
              "path": "/nix/store/bn9ch8k32j9gg1zc303nksz9kkz61i39-gitleaks-8.25.1",
              "default": true
            }
          ],
          "store_path": "/nix/store/bn9ch8k32j9gg1zc303nksz9kkz61i39-gitleaks-8.25.1"
        },
        "x86_64-linux": {
          "outputs": [
            {
              "name": "out",
              "path": "/nix/store/icbdikb1ss07rmadhwxcn5nda19nvc3w-gitleaks-8.25.1",
              "default": true
            }
          ],
          "store_path": "/nix/store/icbdikb1ss07rmadhwxcn5nda19nvc3w-gitleaks-8.25.1"
        }
      }
    },
    "go-task@latest": {
      "last_modified": "2025-05-12T14:38:58Z",
      "resolved": "github:NixOS/nixpkgs/eaeed9530c76ce5f1d2d8232e08bec5e26f18ec1#go-task",
      "source": "devbox-search",
      "version": "3.43.2",
      "systems": {
        "aarch64-darwin": {
          "outputs": [
            {
              "name": "out",
              "path": "/nix/store/80xsbrjmxbb10ba3v44l48fhg9rpdyfj-go-task-3.43.2",
              "default": true
            }
          ],
          "store_path": "/nix/store/80xsbrjmxbb10ba3v44l48fhg9rpdyfj-go-task-3.43.2"
        },
        "aarch64-linux": {
          "outputs": [
            {
              "name": "out",
              "path": "/nix/store/7a1wimm8z159vrb0sx86s39vlwy7nfbz-go-task-3.43.2",
              "default": true
            }
          ],
          "store_path": "/nix/store/7a1wimm8z159vrb0sx86s39vlwy7nfbz-go-task-3.43.2"
        },
        "x86_64-darwin": {
          "outputs": [
            {
              "name": "out",
              "path": "/nix/store/fbc3qggxgabd77rwqc7l4iczyp8ax43j-go-task-3.43.2",
              "default": true
            }
          ],
          "store_path": "/nix/store/fbc3qggxgabd77rwqc7l4iczyp8ax43j-go-task-3.43.2"
        },
        "x86_64-linux": {
          "outputs": [
            {
              "name": "out",
              "path": "/nix/store/pnyim2vhfwqh8bqrbd9vwbhqj1vsx2lx-go-task-3.43.2",
              "default": true
            }
          ],
          "store_path": "/nix/store/pnyim2vhfwqh8bqrbd9vwbhqj1vsx2lx-go-task-3.43.2"
        }
      }
    },
    "hadolint@latest": {
      "last_modified": "2025-05-12T14:38:58Z",
      "resolved": "github:NixOS/nixpkgs/eaeed9530c76ce5f1d2d8232e08bec5e26f18ec1#hadolint",
      "source": "devbox-search",
      "version": "2.12.0",
      "systems": {
        "aarch64-darwin": {
          "outputs": [
            {
              "name": "out",
              "path": "/nix/store/xwb8v2p3dvflxjb2whk606ipzxpwhanj-hadolint-2.12.0",
              "default": true
            },
            {
              "name": "doc",
              "path": "/nix/store/5bkfvlalskk5v1f26nm6d9zr3avdx7pi-hadolint-2.12.0-doc"
            }
          ],
          "store_path": "/nix/store/xwb8v2p3dvflxjb2whk606ipzxpwhanj-hadolint-2.12.0"
        },
        "aarch64-linux": {
          "outputs": [
            {
              "name": "out",
              "path": "/nix/store/k9bnwlsbj34r94zbhaz0fi88sp9wb2x8-hadolint-2.12.0",
              "default": true
            }
          ],
          "store_path": "/nix/store/k9bnwlsbj34r94zbhaz0fi88sp9wb2x8-hadolint-2.12.0"
        },
        "x86_64-darwin": {
          "outputs": [
            {
              "name": "out",
              "path": "/nix/store/hgxx1ip7yacvfrspfvdpvmsizn3hjry9-hadolint-2.12.0",
              "default": true
            }
          ],
          "store_path": "/nix/store/hgxx1ip7yacvfrspfvdpvmsizn3hjry9-hadolint-2.12.0"
        },
        "x86_64-linux": {
          "outputs": [
            {
              "name": "out",
              "path": "/nix/store/j6blpwvwp535qy47432lgfgaqyyz6fr3-hadolint-2.12.0",
              "default": true
            }
          ],
          "store_path": "/nix/store/j6blpwvwp535qy47432lgfgaqyyz6fr3-hadolint-2.12.0"
        }
      }
    },
    "kubectl@1.33.1": {
      "last_modified": "2025-05-24T21:46:02Z",
      "resolved": "github:NixOS/nixpkgs/edb3633f9100d9277d1c9af245a4e9337a980c07#kubectl",
      "source": "devbox-search",
      "version": "1.33.1",
      "systems": {
        "aarch64-darwin": {
          "outputs": [
            {
              "name": "out",
              "path": "/nix/store/vcq5gsn9rp26xbz14b5b2fd8map8qnvj-kubectl-1.33.1",
              "default": true
            },
            {
              "name": "man",
              "path": "/nix/store/20v8bx884m4i34zdkksdq5qpkm966m65-kubectl-1.33.1-man",
              "default": true
            },
            {
              "name": "convert",
              "path": "/nix/store/cjm9i86w7is18g3cpsgfc0c3jmsnp0s8-kubectl-1.33.1-convert"
            }
          ],
          "store_path": "/nix/store/vcq5gsn9rp26xbz14b5b2fd8map8qnvj-kubectl-1.33.1"
        },
        "aarch64-linux": {
          "outputs": [
            {
              "name": "out",
              "path": "/nix/store/m8406nxn25y7a80jxq6mdk70p1xl8xrc-kubectl-1.33.1",
              "default": true
            },
            {
              "name": "man",
              "path": "/nix/store/gy8hdpwiqcy35zp0a9imbv4fqqy3cwn8-kubectl-1.33.1-man",
              "default": true
            },
            {
              "name": "convert",
              "path": "/nix/store/kh7b55lvpwfrdfbq3qrzcj9qjanfqn7c-kubectl-1.33.1-convert"
            }
          ],
          "store_path": "/nix/store/m8406nxn25y7a80jxq6mdk70p1xl8xrc-kubectl-1.33.1"
        },
        "x86_64-darwin": {
          "outputs": [
            {
              "name": "out",
              "path": "/nix/store/g8r4y54jpdyrvnrbhqyg60sr1wpqx0ff-kubectl-1.33.1",
              "default": true
            },
            {
              "name": "man",
              "path": "/nix/store/0n7ik9w8sjrhanv7yb1ijhwyawx7xcz2-kubectl-1.33.1-man",
              "default": true
            },
            {
              "name": "convert",
              "path": "/nix/store/fdpw2205wf6qq7h271nzbhxdmx561vq0-kubectl-1.33.1-convert"
            }
          ],
          "store_path": "/nix/store/g8r4y54jpdyrvnrbhqyg60sr1wpqx0ff-kubectl-1.33.1"
        },
        "x86_64-linux": {
          "outputs": [
            {
              "name": "out",
              "path": "/nix/store/lrfm3r4z5iqyn5fqf085bdyp7b5ghhdr-kubectl-1.33.1",
              "default": true
            },
            {
              "name": "man",
              "path": "/nix/store/hhank6pxbzwzm6b6gphpc1rj2jjdpmmk-kubectl-1.33.1-man",
              "default": true
            },
            {
              "name": "convert",
              "path": "/nix/store/yqlm8fmchxsxzica482r16sfm8x84hck-kubectl-1.33.1-convert"
            }
          ],
          "store_path": "/nix/store/lrfm3r4z5iqyn5fqf085bdyp7b5ghhdr-kubectl-1.33.1"
        }
      }
    },
    "kubernetes-helm@latest": {
      "last_modified": "2025-05-12T14:38:58Z",
      "resolved": "github:NixOS/nixpkgs/eaeed9530c76ce5f1d2d8232e08bec5e26f18ec1#kubernetes-helm",
      "source": "devbox-search",
      "version": "3.17.3",
      "systems": {
        "aarch64-darwin": {
          "outputs": [
            {
              "name": "out",
              "path": "/nix/store/73jhsnvy9q0sxihb6376759fc0hwmisp-kubernetes-helm-3.17.3",
              "default": true
            }
          ],
          "store_path": "/nix/store/73jhsnvy9q0sxihb6376759fc0hwmisp-kubernetes-helm-3.17.3"
        },
        "aarch64-linux": {
          "outputs": [
            {
              "name": "out",
              "path": "/nix/store/fg2mqhpshjyr0dhpgq5lb1vp7n3gx28a-kubernetes-helm-3.17.3",
              "default": true
            }
          ],
          "store_path": "/nix/store/fg2mqhpshjyr0dhpgq5lb1vp7n3gx28a-kubernetes-helm-3.17.3"
        },
        "x86_64-darwin": {
          "outputs": [
            {
              "name": "out",
              "path": "/nix/store/xp6g2jc5pr1w0n1y7r912znc9d8gdj9x-kubernetes-helm-3.17.3",
              "default": true
            }
          ],
          "store_path": "/nix/store/xp6g2jc5pr1w0n1y7r912znc9d8gdj9x-kubernetes-helm-3.17.3"
        },
        "x86_64-linux": {
          "outputs": [
            {
              "name": "out",
              "path": "/nix/store/q55vhgsdzdp5spag22g7i0cn00knb4ki-kubernetes-helm-3.17.3",
              "default": true
            }
          ],
          "store_path": "/nix/store/q55vhgsdzdp5spag22g7i0cn00knb4ki-kubernetes-helm-3.17.3"
        }
      }
    },
    "kustomize@latest": {
      "last_modified": "2025-05-12T14:38:58Z",
      "resolved": "github:NixOS/nixpkgs/eaeed9530c76ce5f1d2d8232e08bec5e26f18ec1#kustomize",
      "source": "devbox-search",
      "version": "5.6.0",
      "systems": {
        "aarch64-darwin": {
          "outputs": [
            {
              "name": "out",
              "path": "/nix/store/7vk740iqnrdnkamwfgn553hpvqgch4ds-kustomize-5.6.0",
              "default": true
            }
          ],
          "store_path": "/nix/store/7vk740iqnrdnkamwfgn553hpvqgch4ds-kustomize-5.6.0"
        },
        "aarch64-linux": {
          "outputs": [
            {
              "name": "out",
              "path": "/nix/store/niz4p72ad1npdac6cdisblmhrj5xcpvd-kustomize-5.6.0",
              "default": true
            }
          ],
          "store_path": "/nix/store/niz4p72ad1npdac6cdisblmhrj5xcpvd-kustomize-5.6.0"
        },
        "x86_64-darwin": {
          "outputs": [
            {
              "name": "out",
              "path": "/nix/store/xhfkgsbbg3farvmhk4kscm3k6q3vkk9d-kustomize-5.6.0",
              "default": true
            }
          ],
          "store_path": "/nix/store/xhfkgsbbg3farvmhk4kscm3k6q3vkk9d-kustomize-5.6.0"
        },
        "x86_64-linux": {
          "outputs": [
            {
              "name": "out",
              "path": "/nix/store/gxzjnk3qr1wiqhss1l6q3xm2fq5gg5hv-kustomize-5.6.0",
              "default": true
            }
          ],
          "store_path": "/nix/store/gxzjnk3qr1wiqhss1l6q3xm2fq5gg5hv-kustomize-5.6.0"
        }
      }
    },
    "pre-commit@2.20.0": {
      "last_modified": "2023-03-07T16:41:48Z",
      "resolved": "github:NixOS/nixpkgs/0ef02c4792fbde4b78957a46a8cb107b6c7aa3cc#pre-commit",
      "source": "devbox-search",
      "version": "2.20.0",
      "systems": {
        "aarch64-darwin": {
          "outputs": [
            {
              "name": "out",
              "path": "/nix/store/bgh6lr049kh9wpaxaxb9rj7f8xjz43y4-python3.10-pre-commit-2.20.0",
              "default": true
            },
            {
              "name": "dist",
              "path": "/nix/store/frw5iyvlh82g5l8sri8yw6r8rzsggrm5-python3.10-pre-commit-2.20.0-dist"
            }
          ],
          "store_path": "/nix/store/bgh6lr049kh9wpaxaxb9rj7f8xjz43y4-python3.10-pre-commit-2.20.0"
        },
        "aarch64-linux": {
          "outputs": [
            {
              "name": "out",
              "path": "/nix/store/9jbcd2fiqgxsrm4kny21gh91rnz7n6p5-python3.10-pre-commit-2.20.0",
              "default": true
            },
            {
              "name": "dist",
              "path": "/nix/store/4ssbyccyri780hirnhx850j6n06kfk11-python3.10-pre-commit-2.20.0-dist"
            }
          ],
          "store_path": "/nix/store/9jbcd2fiqgxsrm4kny21gh91rnz7n6p5-python3.10-pre-commit-2.20.0"
        },
        "x86_64-darwin": {
          "outputs": [
            {
              "name": "out",
              "path": "/nix/store/c89i5lrfnpw9cx8a8xhw9lliqfhwbhk8-python3.10-pre-commit-2.20.0",
              "default": true
            },
            {
              "name": "dist",
              "path": "/nix/store/vsg0xsrv09ciwxlvj6law731varpxz8b-python3.10-pre-commit-2.20.0-dist"
            }
          ],
          "store_path": "/nix/store/c89i5lrfnpw9cx8a8xhw9lliqfhwbhk8-python3.10-pre-commit-2.20.0"
        },
        "x86_64-linux": {
          "outputs": [
            {
              "name": "out",
              "path": "/nix/store/5z3izkb2h4gz8kmkar31w6r6aimmm3il-python3.10-pre-commit-2.20.0",
              "default": true
            },
            {
              "name": "dist",
              "path": "/nix/store/d4vcw8fc3sqndjs2vff9jkg2xqvpgydv-python3.10-pre-commit-2.20.0-dist"
            }
          ],
          "store_path": "/nix/store/5z3izkb2h4gz8kmkar31w6r6aimmm3il-python3.10-pre-commit-2.20.0"
        }
      }
    },
    "terraform-docs@latest": {
      "last_modified": "2025-05-12T14:38:58Z",
      "resolved": "github:NixOS/nixpkgs/eaeed9530c76ce5f1d2d8232e08bec5e26f18ec1#terraform-docs",
      "source": "devbox-search",
      "version": "0.20.0",
      "systems": {
        "aarch64-darwin": {
          "outputs": [
            {
              "name": "out",
              "path": "/nix/store/awxvyc8vgskm115y1jrx0mscy50gjgjx-terraform-docs-0.20.0",
              "default": true
            }
          ],
          "store_path": "/nix/store/awxvyc8vgskm115y1jrx0mscy50gjgjx-terraform-docs-0.20.0"
        },
        "aarch64-linux": {
          "outputs": [
            {
              "name": "out",
              "path": "/nix/store/b427qv785026l9ay28h6lm343cg8hf4v-terraform-docs-0.20.0",
              "default": true
            }
          ],
          "store_path": "/nix/store/b427qv785026l9ay28h6lm343cg8hf4v-terraform-docs-0.20.0"
        },
        "x86_64-darwin": {
          "outputs": [
            {
              "name": "out",
              "path": "/nix/store/k48w25faj9v7ifk9654kcrq8fwq56nf7-terraform-docs-0.20.0",
              "default": true
            }
          ],
          "store_path": "/nix/store/k48w25faj9v7ifk9654kcrq8fwq56nf7-terraform-docs-0.20.0"
        },
        "x86_64-linux": {
          "outputs": [
            {
              "name": "out",
              "path": "/nix/store/vj3cdr00ynk8bih5nqf6dvjxa25zshfs-terraform-docs-0.20.0",
              "default": true
            }
          ],
          "store_path": "/nix/store/vj3cdr00ynk8bih5nqf6dvjxa25zshfs-terraform-docs-0.20.0"
        }
      }
    },
    "tflint@0.57.0": {
      "last_modified": "2025-05-06T08:06:31Z",
      "resolved": "github:NixOS/nixpkgs/1cb1c02a6b1b7cf67e3d7731cbbf327a53da9679#tflint",
      "source": "devbox-search",
      "version": "0.57.0",
      "systems": {
        "aarch64-darwin": {
          "outputs": [
            {
              "name": "out",
              "path": "/nix/store/ia54zf3bjlcjmyc5kcww7cp18wsqrj54-tflint-0.57.0",
              "default": true
            }
          ],
          "store_path": "/nix/store/ia54zf3bjlcjmyc5kcww7cp18wsqrj54-tflint-0.57.0"
        },
        "aarch64-linux": {
          "outputs": [
            {
              "name": "out",
              "path": "/nix/store/6x4z0b3iv7y132a71mk4y8r6v7f0mvwk-tflint-0.57.0",
              "default": true
            }
          ],
          "store_path": "/nix/store/6x4z0b3iv7y132a71mk4y8r6v7f0mvwk-tflint-0.57.0"
        },
        "x86_64-darwin": {
          "outputs": [
            {
              "name": "out",
              "path": "/nix/store/z0m8q3sllwaqlg115j1cpqabsfjwvl0k-tflint-0.57.0",
              "default": true
            }
          ],
          "store_path": "/nix/store/z0m8q3sllwaqlg115j1cpqabsfjwvl0k-tflint-0.57.0"
        },
        "x86_64-linux": {
          "outputs": [
            {
              "name": "out",
              "path": "/nix/store/jb0wzi3i7cmdn0l08k5a1c30i3acx9bs-tflint-0.57.0",
              "default": true
            }
          ],
          "store_path": "/nix/store/jb0wzi3i7cmdn0l08k5a1c30i3acx9bs-tflint-0.57.0"
        }
      }
    },
    "yamllint@latest": {
      "last_modified": "2025-05-12T14:38:58Z",
      "resolved": "github:NixOS/nixpkgs/eaeed9530c76ce5f1d2d8232e08bec5e26f18ec1#yamllint",
      "source": "devbox-search",
      "version": "1.37.1",
      "systems": {
        "aarch64-darwin": {
          "outputs": [
            {
              "name": "out",
              "path": "/nix/store/5pxl2vassm5p3na7nz0a07vf7ii1q5x7-python3.12-yamllint-1.37.1",
              "default": true
            },
            {
              "name": "dist",
              "path": "/nix/store/h4ynn1ayg2gbxw3mrrd2f8szxvjw032h-python3.12-yamllint-1.37.1-dist"
            }
          ],
          "store_path": "/nix/store/5pxl2vassm5p3na7nz0a07vf7ii1q5x7-python3.12-yamllint-1.37.1"
        },
        "aarch64-linux": {
          "outputs": [
            {
              "name": "out",
              "path": "/nix/store/m3l8ak6d3d0qgvjfshb10x0wqw6lw63h-python3.12-yamllint-1.37.1",
              "default": true
            },
            {
              "name": "dist",
              "path": "/nix/store/kgss2dv6ylck2bijixx60in68ysmq7hv-python3.12-yamllint-1.37.1-dist"
            }
          ],
          "store_path": "/nix/store/m3l8ak6d3d0qgvjfshb10x0wqw6lw63h-python3.12-yamllint-1.37.1"
        },
        "x86_64-darwin": {
          "outputs": [
            {
              "name": "out",
              "path": "/nix/store/sawjp7hvaji6b545hxx2pcmbl21l8gjm-python3.12-yamllint-1.37.1",
              "default": true
            },
            {
              "name": "dist",
              "path": "/nix/store/3n8j9a1bafhwc7ii0jm4df57a4ddxmap-python3.12-yamllint-1.37.1-dist"
            }
          ],
          "store_path": "/nix/store/sawjp7hvaji6b545hxx2pcmbl21l8gjm-python3.12-yamllint-1.37.1"
        },
        "x86_64-linux": {
          "outputs": [
            {
              "name": "out",
              "path": "/nix/store/anv01gj6mry1px518q0pz0kpms2s0zr7-python3.12-yamllint-1.37.1",
              "default": true
            },
            {
              "name": "dist",
              "path": "/nix/store/n61pzicca99vi3kj1i3vjd9rrfbijcjb-python3.12-yamllint-1.37.1-dist"
            }
          ],
          "store_path": "/nix/store/anv01gj6mry1px518q0pz0kpms2s0zr7-python3.12-yamllint-1.37.1"
        }
      }
    }
  }
}
